
Microsoft Visual Studio Solution File, Format Version 12.00
# Visual Studio Version 17
VisualStudioVersion = 17.8.34309.116
MinimumVisualStudioVersion = 10.0.40219.1
Project("{D2ABAB84-BF74-430A-B69E-9DC6D40DDA17}") = "ChildCareMaster", "ChildCareMaster\ChildCareMaster.dwproj", "{B4034436-307F-40EB-83F2-C69CA713E955}"
EndProject
Global
	GlobalSection(SolutionConfigurationPlatforms) = preSolution
		Development|Default = Development|Default
	EndGlobalSection
	GlobalSection(ProjectConfigurationPlatforms) = postSolution
		{B4034436-307F-40EB-83F2-C69CA713E955}.Development|Default.ActiveCfg = Development
		{B4034436-307F-40EB-83F2-C69CA713E955}.Development|Default.Build.0 = Development
		{B4034436-307F-40EB-83F2-C69CA713E955}.Development|Default.Deploy.0 = Development
	EndGlobalSection
	GlobalSection(SolutionProperties) = preSolution
		HideSolutionNode = FALSE
	EndGlobalSection
	GlobalSection(ExtensibilityGlobals) = postSolution
		SolutionGuid = {E58B9B3E-A6E9-45DB-8F77-A2BD868DD869}
	EndGlobalSection
EndGlobal
